# THIS IS AN AUTOGENERATED FILE. DO NOT EDIT THIS FILE DIRECTLY.
# yarn lockfile v1


collect.js@^4.36.1:
  version "4.36.1"
  resolved "https://registry.yarnpkg.com/collect.js/-/collect.js-4.36.1.tgz#0194c52e90e01db6f136d28e7a3cf88c5687894d"
  integrity sha512-jd97xWPKgHn6uvK31V6zcyPd40lUJd7gpYxbN2VOVxGWO4tyvS9Li4EpsFjXepGTo2tYcOTC4a8YsbQXMJ4XUw==
